
Microsoft Visual Studio Solution File, Format Version 12.00
# Visual Studio Version 17
VisualStudioVersion = 17.0.31903.59
MinimumVisualStudioVersion = 10.0.40219.1
Project("{FAE04EC0-301F-11D3-BF4B-00C04F79EFBC}") = "FFmpegCut", "FFmpegCut.csproj", "{64CA8F53-0288-4F8D-87CE-3A4FCC41D361}"
EndProject
Global
	GlobalSection(SolutionConfigurationPlatforms) = preSolution
		Debug|Any CPU = Debug|Any CPU
		Release|Any CPU = Release|Any CPU
	EndGlobalSection
	GlobalSection(ProjectConfigurationPlatforms) = postSolution
		{64CA8F53-0288-4F8D-87CE-3A4FCC41D361}.Debug|Any CPU.ActiveCfg = Debug|Any CPU
		{64CA8F53-0288-4F8D-87CE-3A4FCC41D361}.Debug|Any CPU.Build.0 = Debug|Any CPU
		{64CA8F53-0288-4F8D-87CE-3A4FCC41D361}.Release|Any CPU.ActiveCfg = Release|Any CPU
		{64CA8F53-0288-4F8D-87CE-3A4FCC41D361}.Release|Any CPU.Build.0 = Release|Any CPU
	EndGlobalSection
	GlobalSection(SolutionProperties) = preSolution
		HideSolutionNode = FALSE
	EndGlobalSection
	GlobalSection(ExtensibilityGlobals) = postSolution
		SolutionGuid = {043D147E-90F4-483F-B736-106A865CA059}
	EndGlobalSection
EndGlobal
